
Microsoft Visual Studio Solution File, Format Version 12.00
# Visual Studio Version 17
VisualStudioVersion = 17.14.36203.30 d17.14
MinimumVisualStudioVersion = 10.0.40219.1
Project("{FAE04EC0-301F-11D3-BF4B-00C04F79EFBC}") = "Planner", "Planner\Planner.csproj", "{BB2B224D-47EB-411D-B6DC-07AC56FF6E7E}"
EndProject
Global
	GlobalSection(SolutionConfigurationPlatforms) = preSolution
		Debug|Any CPU = Debug|Any CPU
		Release|Any CPU = Release|Any CPU
	EndGlobalSection
	GlobalSection(ProjectConfigurationPlatforms) = postSolution
		{BB2B224D-47EB-411D-B6DC-07AC56FF6E7E}.Debug|Any CPU.ActiveCfg = Debug|Any CPU
		{BB2B224D-47EB-411D-B6DC-07AC56FF6E7E}.Debug|Any CPU.Build.0 = Debug|Any CPU
		{BB2B224D-47EB-411D-B6DC-07AC56FF6E7E}.Release|Any CPU.ActiveCfg = Release|Any CPU
		{BB2B224D-47EB-411D-B6DC-07AC56FF6E7E}.Release|Any CPU.Build.0 = Release|Any CPU
	EndGlobalSection
	GlobalSection(SolutionProperties) = preSolution
		HideSolutionNode = FALSE
	EndGlobalSection
	GlobalSection(ExtensibilityGlobals) = postSolution
		SolutionGuid = {1D509579-4D31-4BCA-9A77-856C1C672C7C}
	EndGlobalSection
EndGlobal
